// !$*UTF8*$!
{
	archiveVersion = 1;
	classes = {
	};
	objectVersion = 50;
	objects = {

/* Begin PBXBuildFile section */
		A37DDF35214B9DB900ABFFDF /* AppDelegate.swift in Sources */ = {isa = PBXBuildFile; fileRef = A37DDF34214B9DB900ABFFDF /* AppDelegate.swift */; };
		A37DDF37214B9DB900ABFFDF /* BreathingViewController.swift in Sources */ = {isa = PBXBuildFile; fileRef = A37DDF36214B9DB900ABFFDF /* BreathingViewController.swift */; };
		A37DDF3A214B9DB900ABFFDF /* Main.storyboard in Resources */ = {isa = PBXBuildFile; fileRef = A37DDF38214B9DB900ABFFDF /* Main.storyboard */; };
		A37DDF3C214B9DBC00ABFFDF /* Assets.xcassets in Resources */ = {isa = PBXBuildFile; fileRef = A37DDF3B214B9DBC00ABFFDF /* Assets.xcassets */; };
		A37DDF3F214B9DBC00ABFFDF /* LaunchScreen.storyboard in Resources */ = {isa = PBXBuildFile; fileRef = A37DDF3D214B9DBC00ABFFDF /* LaunchScreen.storyboard */; };
		A37DDF4B214B9F3100ABFFDF /* Phase.swift in Sources */ = {isa = PBXBuildFile; fileRef = A37DDF4A214B9F3100ABFFDF /* Phase.swift */; };
		A37DDF4E214BA18A00ABFFDF /* UIColor+Hex.swift in Sources */ = {isa = PBXBuildFile; fileRef = A37DDF4D214BA18A00ABFFDF /* UIColor+Hex.swift */; };
		A37DDF51214BA68A00ABFFDF /* PhaseProvider.swift in Sources */ = {isa = PBXBuildFile; fileRef = A37DDF50214BA68A00ABFFDF /* PhaseProvider.swift */; };
		A37DDF55214BA7E100ABFFDF /* Decodable+Fill.swift in Sources */ = {isa = PBXBuildFile; fileRef = A37DDF54214BA7E100ABFFDF /* Decodable+Fill.swift */; };
		A37DDF59214BB30200ABFFDF /* AssetPhaseProvider.swift in Sources */ = {isa = PBXBuildFile; fileRef = A37DDF58214BB30200ABFFDF /* AssetPhaseProvider.swift */; };
		A37DDF5B214BF50D00ABFFDF /* BreathingView.swift in Sources */ = {isa = PBXBuildFile; fileRef = A37DDF5A214BF50D00ABFFDF /* BreathingView.swift */; };
		A37DDF5D214BF51B00ABFFDF /* BreathingView.xib in Resources */ = {isa = PBXBuildFile; fileRef = A37DDF5C214BF51B00ABFFDF /* BreathingView.xib */; };
		A37DDF61214C04EE00ABFFDF /* NSLayoutConstraints+Utils.swift in Sources */ = {isa = PBXBuildFile; fileRef = A37DDF60214C04EE00ABFFDF /* NSLayoutConstraints+Utils.swift */; };
		A37DDF63214C1B0B00ABFFDF /* UINib+Load.swift in Sources */ = {isa = PBXBuildFile; fileRef = A37DDF62214C1B0A00ABFFDF /* UINib+Load.swift */; };
/* End PBXBuildFile section */

/* Begin PBXFileReference section */
		A37DDF31214B9DB900ABFFDF /* GenesisTestTask.app */ = {isa = PBXFileReference; explicitFileType = wrapper.application; includeInIndex = 0; path = GenesisTestTask.app; sourceTree = BUILT_PRODUCTS_DIR; };
		A37DDF34214B9DB900ABFFDF /* AppDelegate.swift */ = {isa = PBXFileReference; lastKnownFileType = sourcecode.swift; path = AppDelegate.swift; sourceTree = "<group>"; };
		A37DDF36214B9DB900ABFFDF /* BreathingViewController.swift */ = {isa = PBXFileReference; lastKnownFileType = sourcecode.swift; path = BreathingViewController.swift; sourceTree = "<group>"; };
		A37DDF39214B9DB900ABFFDF /* Base */ = {isa = PBXFileReference; lastKnownFileType = file.storyboard; name = Base; path = Base.lproj/Main.storyboard; sourceTree = "<group>"; };
		A37DDF3B214B9DBC00ABFFDF /* Assets.xcassets */ = {isa = PBXFileReference; lastKnownFileType = folder.assetcatalog; path = Assets.xcassets; sourceTree = "<group>"; };
		A37DDF3E214B9DBC00ABFFDF /* Base */ = {isa = PBXFileReference; lastKnownFileType = file.storyboard; name = Base; path = Base.lproj/LaunchScreen.storyboard; sourceTree = "<group>"; };
		A37DDF40214B9DBC00ABFFDF /* Info.plist */ = {isa = PBXFileReference; lastKnownFileType = text.plist.xml; path = Info.plist; sourceTree = "<group>"; };
		A37DDF4A214B9F3100ABFFDF /* Phase.swift */ = {isa = PBXFileReference; lastKnownFileType = sourcecode.swift; path = Phase.swift; sourceTree = "<group>"; };
		A37DDF4D214BA18A00ABFFDF /* UIColor+Hex.swift */ = {isa = PBXFileReference; lastKnownFileType = sourcecode.swift; path = "UIColor+Hex.swift"; sourceTree = "<group>"; };
		A37DDF50214BA68A00ABFFDF /* PhaseProvider.swift */ = {isa = PBXFileReference; lastKnownFileType = sourcecode.swift; path = PhaseProvider.swift; sourceTree = "<group>"; };
		A37DDF54214BA7E100ABFFDF /* Decodable+Fill.swift */ = {isa = PBXFileReference; lastKnownFileType = sourcecode.swift; path = "Decodable+Fill.swift"; sourceTree = "<group>"; };
		A37DDF58214BB30200ABFFDF /* AssetPhaseProvider.swift */ = {isa = PBXFileReference; lastKnownFileType = sourcecode.swift; path = AssetPhaseProvider.swift; sourceTree = "<group>"; };
		A37DDF5A214BF50D00ABFFDF /* BreathingView.swift */ = {isa = PBXFileReference; lastKnownFileType = sourcecode.swift; path = BreathingView.swift; sourceTree = "<group>"; };
		A37DDF5C214BF51B00ABFFDF /* BreathingView.xib */ = {isa = PBXFileReference; lastKnownFileType = file.xib; path = BreathingView.xib; sourceTree = "<group>"; };
		A37DDF60214C04EE00ABFFDF /* NSLayoutConstraints+Utils.swift */ = {isa = PBXFileReference; lastKnownFileType = sourcecode.swift; path = "NSLayoutConstraints+Utils.swift"; sourceTree = "<group>"; };
		A37DDF62214C1B0A00ABFFDF /* UINib+Load.swift */ = {isa = PBXFileReference; fileEncoding = 4; lastKnownFileType = sourcecode.swift; path = "UINib+Load.swift"; sourceTree = "<group>"; };
/* End PBXFileReference section */

/* Begin PBXFrameworksBuildPhase section */
		A37DDF2E214B9DB900ABFFDF /* Frameworks */ = {
			isa = PBXFrameworksBuildPhase;
			buildActionMask = 2147483647;
			files = (
			);
			runOnlyForDeploymentPostprocessing = 0;
		};
/* End PBXFrameworksBuildPhase section */

/* Begin PBXGroup section */
		A37DDF28214B9DB900ABFFDF = {
			isa = PBXGroup;
			children = (
				A37DDF33214B9DB900ABFFDF /* GenesisTestTask */,
				A37DDF32214B9DB900ABFFDF /* Products */,
			);
			sourceTree = "<group>";
		};
		A37DDF32214B9DB900ABFFDF /* Products */ = {
			isa = PBXGroup;
			children = (
				A37DDF31214B9DB900ABFFDF /* GenesisTestTask.app */,
			);
			name = Products;
			sourceTree = "<group>";
		};
		A37DDF33214B9DB900ABFFDF /* GenesisTestTask */ = {
			isa = PBXGroup;
			children = (
				A37DDF34214B9DB900ABFFDF /* AppDelegate.swift */,
				A37DDF4C214BA17A00ABFFDF /* Extensions */,
				A37DDF49214B9F2200ABFFDF /* Model */,
				A37DDF4F214BA66500ABFFDF /* UI */,
				A37DDF3B214B9DBC00ABFFDF /* Assets.xcassets */,
				A37DDF3D214B9DBC00ABFFDF /* LaunchScreen.storyboard */,
				A37DDF40214B9DBC00ABFFDF /* Info.plist */,
			);
			path = GenesisTestTask;
			sourceTree = "<group>";
		};
		A37DDF49214B9F2200ABFFDF /* Model */ = {
			isa = PBXGroup;
			children = (
				A37DDF4A214B9F3100ABFFDF /* Phase.swift */,
				A37DDF50214BA68A00ABFFDF /* PhaseProvider.swift */,
				A37DDF58214BB30200ABFFDF /* AssetPhaseProvider.swift */,
			);
			path = Model;
			sourceTree = "<group>";
		};
		A37DDF4C214BA17A00ABFFDF /* Extensions */ = {
			isa = PBXGroup;
			children = (
				A37DDF4D214BA18A00ABFFDF /* UIColor+Hex.swift */,
				A37DDF54214BA7E100ABFFDF /* Decodable+Fill.swift */,
				A37DDF60214C04EE00ABFFDF /* NSLayoutConstraints+Utils.swift */,
				A37DDF62214C1B0A00ABFFDF /* UINib+Load.swift */,
			);
			path = Extensions;
			sourceTree = "<group>";
		};
		A37DDF4F214BA66500ABFFDF /* UI */ = {
			isa = PBXGroup;
			children = (
				A37DDF36214B9DB900ABFFDF /* BreathingViewController.swift */,
				A37DDF38214B9DB900ABFFDF /* Main.storyboard */,
				A37DDF5A214BF50D00ABFFDF /* BreathingView.swift */,
				A37DDF5C214BF51B00ABFFDF /* BreathingView.xib */,
			);
			path = UI;
			sourceTree = "<group>";
		};
/* End PBXGroup section */

/* Begin PBXNativeTarget section */
		A37DDF30214B9DB900ABFFDF /* GenesisTestTask */ = {
			isa = PBXNativeTarget;
			buildConfigurationList = A37DDF43214B9DBC00ABFFDF /* Build configuration list for PBXNativeTarget "GenesisTestTask" */;
			buildPhases = (
				A37DDF2D214B9DB900ABFFDF /* Sources */,
				A37DDF2E214B9DB900ABFFDF /* Frameworks */,
				A37DDF2F214B9DB900ABFFDF /* Resources */,
			);
			buildRules = (
			);
			dependencies = (
			);
			name = GenesisTestTask;
			productName = TestGenesis;
			productReference = A37DDF31214B9DB900ABFFDF /* GenesisTestTask.app */;
			productType = "com.apple.product-type.application";
		};
/* End PBXNativeTarget section */

/* Begin PBXProject section */
		A37DDF29214B9DB900ABFFDF /* Project object */ = {
			isa = PBXProject;
			attributes = {
				LastSwiftUpdateCheck = 0940;
				LastUpgradeCheck = 0940;
				ORGANIZATIONNAME = Julia;
				TargetAttributes = {
					A37DDF30214B9DB900ABFFDF = {
						CreatedOnToolsVersion = 9.4.1;
					};
				};
			};
			buildConfigurationList = A37DDF2C214B9DB900ABFFDF /* Build configuration list for PBXProject "GenesisTestTask" */;
			compatibilityVersion = "Xcode 9.3";
			developmentRegion = en;
			hasScannedForEncodings = 0;
			knownRegions = (
				en,
				Base,
			);
			mainGroup = A37DDF28214B9DB900ABFFDF;
			productRefGroup = A37DDF32214B9DB900ABFFDF /* Products */;
			projectDirPath = "";
			projectRoot = "";
			targets = (
				A37DDF30214B9DB900ABFFDF /* GenesisTestTask */,
			);
		};
/* End PBXProject section */

/* Begin PBXResourcesBuildPhase section */
		A37DDF2F214B9DB900ABFFDF /* Resources */ = {
			isa = PBXResourcesBuildPhase;
			buildActionMask = 2147483647;
			files = (
				A37DDF3F214B9DBC00ABFFDF /* LaunchScreen.storyboard in Resources */,
				A37DDF3C214B9DBC00ABFFDF /* Assets.xcassets in Resources */,
				A37DDF3A214B9DB900ABFFDF /* Main.storyboard in Resources */,
				A37DDF5D214BF51B00ABFFDF /* BreathingView.xib in Resources */,
			);
			runOnlyForDeploymentPostprocessing = 0;
		};
/* End PBXResourcesBuildPhase section */

/* Begin PBXSourcesBuildPhase section */
		A37DDF2D214B9DB900ABFFDF /* Sources */ = {
			isa = PBXSourcesBuildPhase;
			buildActionMask = 2147483647;
			files = (
				A37DDF37214B9DB900ABFFDF /* BreathingViewController.swift in Sources */,
				A37DDF63214C1B0B00ABFFDF /* UINib+Load.swift in Sources */,
				A37DDF4E214BA18A00ABFFDF /* UIColor+Hex.swift in Sources */,
				A37DDF5B214BF50D00ABFFDF /* BreathingView.swift in Sources */,
				A37DDF61214C04EE00ABFFDF /* NSLayoutConstraints+Utils.swift in Sources */,
				A37DDF35214B9DB900ABFFDF /* AppDelegate.swift in Sources */,
				A37DDF55214BA7E100ABFFDF /* Decodable+Fill.swift in Sources */,
				A37DDF4B214B9F3100ABFFDF /* Phase.swift in Sources */,
				A37DDF51214BA68A00ABFFDF /* PhaseProvider.swift in Sources */,
				A37DDF59214BB30200ABFFDF /* AssetPhaseProvider.swift in Sources */,
			);
			runOnlyForDeploymentPostprocessing = 0;
		};
/* End PBXSourcesBuildPhase section */

/* Begin PBXVariantGroup section */
		A37DDF38214B9DB900ABFFDF /* Main.storyboard */ = {
			isa = PBXVariantGroup;
			children = (
				A37DDF39214B9DB900ABFFDF /* Base */,
			);
			name = Main.storyboard;
			sourceTree = "<group>";
		};
		A37DDF3D214B9DBC00ABFFDF /* LaunchScreen.storyboard */ = {
			isa = PBXVariantGroup;
			children = (
				A37DDF3E214B9DBC00ABFFDF /* Base */,
			);
			name = LaunchScreen.storyboard;
			sourceTree = "<group>";
		};
/* End PBXVariantGroup section */

/* Begin XCBuildConfiguration section */
		A37DDF41214B9DBC00ABFFDF /* Debug */ = {
			isa = XCBuildConfiguration;
			buildSettings = {
				ALWAYS_SEARCH_USER_PATHS = NO;
				CLANG_ANALYZER_NONNULL = YES;
				CLANG_ANALYZER_NUMBER_OBJECT_CONVERSION = YES_AGGRESSIVE;
				CLANG_CXX_LANGUAGE_STANDARD = "gnu++14";
				CLANG_CXX_LIBRARY = "libc++";
				CLANG_ENABLE_MODULES = YES;
				CLANG_ENABLE_OBJC_ARC = YES;
				CLANG_ENABLE_OBJC_WEAK = YES;
				CLANG_WARN_BLOCK_CAPTURE_AUTORELEASING = YES;
				CLANG_WARN_BOOL_CONVERSION = YES;
				CLANG_WARN_COMMA = YES;
				CLANG_WARN_CONSTANT_CONVERSION = YES;
				CLANG_WARN_DEPRECATED_OBJC_IMPLEMENTATIONS = YES;
				CLANG_WARN_DIRECT_OBJC_ISA_USAGE = YES_ERROR;
				CLANG_WARN_DOCUMENTATION_COMMENTS = YES;
				CLANG_WARN_EMPTY_BODY = YES;
				CLANG_WARN_ENUM_CONVERSION = YES;
				CLANG_WARN_INFINITE_RECURSION = YES;
				CLANG_WARN_INT_CONVERSION = YES;
				CLANG_WARN_NON_LITERAL_NULL_CONVERSION = YES;
				CLANG_WARN_OBJC_IMPLICIT_RETAIN_SELF = YES;
				CLANG_WARN_OBJC_LITERAL_CONVERSION = YES;
				CLANG_WARN_OBJC_ROOT_CLASS = YES_ERROR;
				CLANG_WARN_RANGE_LOOP_ANALYSIS = YES;
				CLANG_WARN_STRICT_PROTOTYPES = YES;
				CLANG_WARN_SUSPICIOUS_MOVE = YES;
				CLANG_WARN_UNGUARDED_AVAILABILITY = YES_AGGRESSIVE;
				CLANG_WARN_UNREACHABLE_CODE = YES;
				CLANG_WARN__DUPLICATE_METHOD_MATCH = YES;
				CODE_SIGN_IDENTITY = "iPhone Developer";
				COPY_PHASE_STRIP = NO;
				DEBUG_INFORMATION_FORMAT = dwarf;
				ENABLE_STRICT_OBJC_MSGSEND = YES;
				ENABLE_TESTABILITY = YES;
				GCC_C_LANGUAGE_STANDARD = gnu11;
				GCC_DYNAMIC_NO_PIC = NO;
				GCC_NO_COMMON_BLOCKS = YES;
				GCC_OPTIMIZATION_LEVEL = 0;
				GCC_PREPROCESSOR_DEFINITIONS = (
					"DEBUG=1",
					"$(inherited)",
				);
				GCC_WARN_64_TO_32_BIT_CONVERSION = YES;
				GCC_WARN_ABOUT_RETURN_TYPE = YES_ERROR;
				GCC_WARN_UNDECLARED_SELECTOR = YES;
				GCC_WARN_UNINITIALIZED_AUTOS = YES_AGGRESSIVE;
				GCC_WARN_UNUSED_FUNCTION = YES;
				GCC_WARN_UNUSED_VARIABLE = YES;
				IPHONEOS_DEPLOYMENT_TARGET = 11.4;
				MTL_ENABLE_DEBUG_INFO = YES;
				ONLY_ACTIVE_ARCH = YES;
				SDKROOT = iphoneos;
				SWIFT_ACTIVE_COMPILATION_CONDITIONS = DEBUG;
				SWIFT_OPTIMIZATION_LEVEL = "-Onone";
			};
			name = Debug;
		};
		A37DDF42214B9DBC00ABFFDF /* Release */ = {
			isa = XCBuildConfiguration;
			buildSettings = {
				ALWAYS_SEARCH_USER_PATHS = NO;
				CLANG_ANALYZER_NONNULL = YES;
				CLANG_ANALYZER_NUMBER_OBJECT_CONVERSION = YES_AGGRESSIVE;
				CLANG_CXX_LANGUAGE_STANDARD = "gnu++14";
				CLANG_CXX_LIBRARY = "libc++";
				CLANG_ENABLE_MODULES = YES;
				CLANG_ENABLE_OBJC_ARC = YES;
				CLANG_ENABLE_OBJC_WEAK = YES;
				CLANG_WARN_BLOCK_CAPTURE_AUTORELEASING = YES;
				CLANG_WARN_BOOL_CONVERSION = YES;
				CLANG_WARN_COMMA = YES;
				CLANG_WARN_CONSTANT_CONVERSION = YES;
				CLANG_WARN_DEPRECATED_OBJC_IMPLEMENTATIONS = YES;
				CLANG_WARN_DIRECT_OBJC_ISA_USAGE = YES_ERROR;
				CLANG_WARN_DOCUMENTATION_COMMENTS = YES;
				CLANG_WARN_EMPTY_BODY = YES;
				CLANG_WARN_ENUM_CONVERSION = YES;
				CLANG_WARN_INFINITE_RECURSION = YES;
				CLANG_WARN_INT_CONVERSION = YES;
				CLANG_WARN_NON_LITERAL_NULL_CONVERSION = YES;
				CLANG_WARN_OBJC_IMPLICIT_RETAIN_SELF = YES;
				CLANG_WARN_OBJC_LITERAL_CONVERSION = YES;
				CLANG_WARN_OBJC_ROOT_CLASS = YES_ERROR;
				CLANG_WARN_RANGE_LOOP_ANALYSIS = YES;
				CLANG_WARN_STRICT_PROTOTYPES = YES;
				CLANG_WARN_SUSPICIOUS_MOVE = YES;
				CLANG_WARN_UNGUARDED_AVAILABILITY = YES_AGGRESSIVE;
				CLANG_WARN_UNREACHABLE_CODE = YES;
				CLANG_WARN__DUPLICATE_METHOD_MATCH = YES;
				CODE_SIGN_IDENTITY = "iPhone Developer";
				COPY_PHASE_STRIP = NO;
				DEBUG_INFORMATION_FORMAT = "dwarf-with-dsym";
				ENABLE_NS_ASSERTIONS = NO;
				ENABLE_STRICT_OBJC_MSGSEND = YES;
				GCC_C_LANGUAGE_STANDARD = gnu11;
				GCC_NO_COMMON_BLOCKS = YES;
				GCC_WARN_64_TO_32_BIT_CONVERSION = YES;
				GCC_WARN_ABOUT_RETURN_TYPE = YES_ERROR;
				GCC_WARN_UNDECLARED_SELECTOR = YES;
				GCC_WARN_UNINITIALIZED_AUTOS = YES_AGGRESSIVE;
				GCC_WARN_UNUSED_FUNCTION = YES;
				GCC_WARN_UNUSED_VARIABLE = YES;
				IPHONEOS_DEPLOYMENT_TARGET = 11.4;
				MTL_ENABLE_DEBUG_INFO = NO;
				SDKROOT = iphoneos;
				SWIFT_COMPILATION_MODE = wholemodule;
				SWIFT_OPTIMIZATION_LEVEL = "-O";
				VALIDATE_PRODUCT = YES;
			};
			name = Release;
		};
		A37DDF44214B9DBC00ABFFDF /* Debug */ = {
			isa = XCBuildConfiguration;
			buildSettings = {
				ASSETCATALOG_COMPILER_APPICON_NAME = AppIcon;
				CODE_SIGN_STYLE = Automatic;
				DEVELOPMENT_TEAM = HN3E6GMD7Z;
				INFOPLIST_FILE = GenesisTestTask/Info.plist;
				LD_RUNPATH_SEARCH_PATHS = (
					"$(inherited)",
					"@executable_path/Frameworks",
				);
				PRODUCT_BUNDLE_IDENTIFIER = cc.GenesisTestTask;
				PRODUCT_NAME = "$(TARGET_NAME)";
				SWIFT_VERSION = 4.0;
				TARGETED_DEVICE_FAMILY = "1,2";
			};
			name = Debug;
		};
		A37DDF45214B9DBC00ABFFDF /* Release */ = {
			isa = XCBuildConfiguration;
			buildSettings = {
				ASSETCATALOG_COMPILER_APPICON_NAME = AppIcon;
				CODE_SIGN_STYLE = Automatic;
				DEVELOPMENT_TEAM = HN3E6GMD7Z;
				INFOPLIST_FILE = GenesisTestTask/Info.plist;
				LD_RUNPATH_SEARCH_PATHS = (
					"$(inherited)",
					"@executable_path/Frameworks",
				);
				PRODUCT_BUNDLE_IDENTIFIER = cc.GenesisTestTask;
				PRODUCT_NAME = "$(TARGET_NAME)";
				SWIFT_VERSION = 4.0;
				TARGETED_DEVICE_FAMILY = "1,2";
			};
			name = Release;
		};
/* End XCBuildConfiguration section */

/* Begin XCConfigurationList section */
		A37DDF2C214B9DB900ABFFDF /* Build configuration list for PBXProject "GenesisTestTask" */ = {
			isa = XCConfigurationList;
			buildConfigurations = (
				A37DDF41214B9DBC00ABFFDF /* Debug */,
				A37DDF42214B9DBC00ABFFDF /* Release */,
			);
			defaultConfigurationIsVisible = 0;
			defaultConfigurationName = Release;
		};
		A37DDF43214B9DBC00ABFFDF /* Build configuration list for PBXNativeTarget "GenesisTestTask" */ = {
			isa = XCConfigurationList;
			buildConfigurations = (
				A37DDF44214B9DBC00ABFFDF /* Debug */,
				A37DDF45214B9DBC00ABFFDF /* Release */,
			);
			defaultConfigurationIsVisible = 0;
			defaultConfigurationName = Release;
		};
/* End XCConfigurationList section */
	};
	rootObject = A37DDF29214B9DB900ABFFDF /* Project object */;
}
